
Microsoft Visual Studio Solution File, Format Version 12.00
# Visual Studio Version 16
VisualStudioVersion = 16.0.31515.178
MinimumVisualStudioVersion = 10.0.40219.1
Project("{FAE04EC0-301F-11D3-BF4B-00C04F79EFBC}") = "FiltersDemo", "FiltersDemo\FiltersDemo.csproj", "{44BFAD00-B4DF-41CC-98D1-1EA531876F66}"
EndProject
Global
	GlobalSection(SolutionConfigurationPlatforms) = preSolution
		Debug|Any CPU = Debug|Any CPU
		Release|Any CPU = Release|Any CPU
	EndGlobalSection
	GlobalSection(ProjectConfigurationPlatforms) = postSolution
		{44BFAD00-B4DF-41CC-98D1-1EA531876F66}.Debug|Any CPU.ActiveCfg = Debug|Any CPU
		{44BFAD00-B4DF-41CC-98D1-1EA531876F66}.Debug|Any CPU.Build.0 = Debug|Any CPU
		{44BFAD00-B4DF-41CC-98D1-1EA531876F66}.Release|Any CPU.ActiveCfg = Release|Any CPU
		{44BFAD00-B4DF-41CC-98D1-1EA531876F66}.Release|Any CPU.Build.0 = Release|Any CPU
	EndGlobalSection
	GlobalSection(SolutionProperties) = preSolution
		HideSolutionNode = FALSE
	EndGlobalSection
	GlobalSection(ExtensibilityGlobals) = postSolution
		SolutionGuid = {0138FA69-6BD2-4093-8569-6BAB2C13756E}
	EndGlobalSection
EndGlobal
